
Microsoft Visual Studio Solution File, Format Version 12.00
# Visual Studio 15
VisualStudioVersion = 15.0.28307.136
MinimumVisualStudioVersion = 10.0.40219.1
Project("{FAE04EC0-301F-11D3-BF4B-00C04F79EFBC}") = "Matrix_n_Threads", "Matrix_n_Threads\Matrix_n_Threads.csproj", "{56CF2072-535D-4F65-82D4-CD4AABCC9D37}"
EndProject
Global
	GlobalSection(SolutionConfigurationPlatforms) = preSolution
		Debug|Any CPU = Debug|Any CPU
		Release|Any CPU = Release|Any CPU
	EndGlobalSection
	GlobalSection(ProjectConfigurationPlatforms) = postSolution
		{56CF2072-535D-4F65-82D4-CD4AABCC9D37}.Debug|Any CPU.ActiveCfg = Debug|Any CPU
		{56CF2072-535D-4F65-82D4-CD4AABCC9D37}.Debug|Any CPU.Build.0 = Debug|Any CPU
		{56CF2072-535D-4F65-82D4-CD4AABCC9D37}.Release|Any CPU.ActiveCfg = Release|Any CPU
		{56CF2072-535D-4F65-82D4-CD4AABCC9D37}.Release|Any CPU.Build.0 = Release|Any CPU
	EndGlobalSection
	GlobalSection(SolutionProperties) = preSolution
		HideSolutionNode = FALSE
	EndGlobalSection
	GlobalSection(ExtensibilityGlobals) = postSolution
		SolutionGuid = {CC025C0D-90FF-4203-8B80-6C5F0B008EE7}
	EndGlobalSection
EndGlobal
